
Microsoft Visual Studio Solution File, Format Version 12.00
# Visual Studio Version 17
VisualStudioVersion = 17.8.34330.188
MinimumVisualStudioVersion = 10.0.40219.1
Project("{FAE04EC0-301F-11D3-BF4B-00C04F79EFBC}") = "appSeguimientoProspectos", "appSeguimientoProspectos\appSeguimientoProspectos.csproj", "{5DE8EB82-A725-4795-BF39-F02DCF1E7A5D}"
EndProject
Global
	GlobalSection(SolutionConfigurationPlatforms) = preSolution
		Debug|Any CPU = Debug|Any CPU
		Release|Any CPU = Release|Any CPU
	EndGlobalSection
	GlobalSection(ProjectConfigurationPlatforms) = postSolution
		{5DE8EB82-A725-4795-BF39-F02DCF1E7A5D}.Debug|Any CPU.ActiveCfg = Debug|Any CPU
		{5DE8EB82-A725-4795-BF39-F02DCF1E7A5D}.Debug|Any CPU.Build.0 = Debug|Any CPU
		{5DE8EB82-A725-4795-BF39-F02DCF1E7A5D}.Release|Any CPU.ActiveCfg = Release|Any CPU
		{5DE8EB82-A725-4795-BF39-F02DCF1E7A5D}.Release|Any CPU.Build.0 = Release|Any CPU
	EndGlobalSection
	GlobalSection(SolutionProperties) = preSolution
		HideSolutionNode = FALSE
	EndGlobalSection
	GlobalSection(ExtensibilityGlobals) = postSolution
		SolutionGuid = {EE8CCC93-C009-4FED-89C1-927B9E8264DB}
	EndGlobalSection
EndGlobal
